
Microsoft Visual Studio Solution File, Format Version 12.00
# Visual Studio Version 16
VisualStudioVersion = 16.0.30717.126
MinimumVisualStudioVersion = 10.0.40219.1
Project("{9A19103F-16F7-4668-BE54-9A1E7A4F7556}") = "RESTApi", "RESTApi\RESTApi.csproj", "{35EC98D6-5B07-407B-940C-6CCD337C5F23}"
EndProject
Project("{FAE04EC0-301F-11D3-BF4B-00C04F79EFBC}") = "RESTApiLibrary", "RESTApiLibrary\RESTApiLibrary.csproj", "{AF3B6A04-0706-4488-B229-C1401BF38287}"
EndProject
Project("{FAE04EC0-301F-11D3-BF4B-00C04F79EFBC}") = "RESTApiConsole", "RESTApiConsole\RESTApiConsole.csproj", "{7316208C-5A50-444A-BBC7-504027462C84}"
EndProject
Global
	GlobalSection(SolutionConfigurationPlatforms) = preSolution
		Debug|Any CPU = Debug|Any CPU
		Release|Any CPU = Release|Any CPU
	EndGlobalSection
	GlobalSection(ProjectConfigurationPlatforms) = postSolution
		{35EC98D6-5B07-407B-940C-6CCD337C5F23}.Debug|Any CPU.ActiveCfg = Debug|Any CPU
		{35EC98D6-5B07-407B-940C-6CCD337C5F23}.Debug|Any CPU.Build.0 = Debug|Any CPU
		{35EC98D6-5B07-407B-940C-6CCD337C5F23}.Release|Any CPU.ActiveCfg = Release|Any CPU
		{35EC98D6-5B07-407B-940C-6CCD337C5F23}.Release|Any CPU.Build.0 = Release|Any CPU
		{AF3B6A04-0706-4488-B229-C1401BF38287}.Debug|Any CPU.ActiveCfg = Debug|Any CPU
		{AF3B6A04-0706-4488-B229-C1401BF38287}.Debug|Any CPU.Build.0 = Debug|Any CPU
		{AF3B6A04-0706-4488-B229-C1401BF38287}.Release|Any CPU.ActiveCfg = Release|Any CPU
		{AF3B6A04-0706-4488-B229-C1401BF38287}.Release|Any CPU.Build.0 = Release|Any CPU
		{7316208C-5A50-444A-BBC7-504027462C84}.Debug|Any CPU.ActiveCfg = Debug|Any CPU
		{7316208C-5A50-444A-BBC7-504027462C84}.Debug|Any CPU.Build.0 = Debug|Any CPU
		{7316208C-5A50-444A-BBC7-504027462C84}.Release|Any CPU.ActiveCfg = Release|Any CPU
		{7316208C-5A50-444A-BBC7-504027462C84}.Release|Any CPU.Build.0 = Release|Any CPU
	EndGlobalSection
	GlobalSection(SolutionProperties) = preSolution
		HideSolutionNode = FALSE
	EndGlobalSection
	GlobalSection(ExtensibilityGlobals) = postSolution
		SolutionGuid = {0CC37465-D236-4AC4-AC86-C5E2BA253B49}
	EndGlobalSection
EndGlobal
